
Microsoft Visual Studio Solution File, Format Version 12.00
# Visual Studio Version 16
VisualStudioVersion = 16.0.31205.134
MinimumVisualStudioVersion = 10.0.40219.1
Project("{FAE04EC0-301F-11D3-BF4B-00C04F79EFBC}") = "Management", "Management\Management.csproj", "{0A2CE652-81C8-4EE7-A5E1-BDD662D64524}"
EndProject
Global
	GlobalSection(SolutionConfigurationPlatforms) = preSolution
		Debug|Any CPU = Debug|Any CPU
		Release|Any CPU = Release|Any CPU
	EndGlobalSection
	GlobalSection(ProjectConfigurationPlatforms) = postSolution
		{0A2CE652-81C8-4EE7-A5E1-BDD662D64524}.Debug|Any CPU.ActiveCfg = Debug|Any CPU
		{0A2CE652-81C8-4EE7-A5E1-BDD662D64524}.Debug|Any CPU.Build.0 = Debug|Any CPU
		{0A2CE652-81C8-4EE7-A5E1-BDD662D64524}.Release|Any CPU.ActiveCfg = Release|Any CPU
		{0A2CE652-81C8-4EE7-A5E1-BDD662D64524}.Release|Any CPU.Build.0 = Release|Any CPU
	EndGlobalSection
	GlobalSection(SolutionProperties) = preSolution
		HideSolutionNode = FALSE
	EndGlobalSection
	GlobalSection(ExtensibilityGlobals) = postSolution
		SolutionGuid = {886FDBC7-F327-4A6D-9A83-7FEF3A9183A7}
	EndGlobalSection
EndGlobal
